
Microsoft Visual Studio Solution File, Format Version 12.00
# Visual Studio Version 16
VisualStudioVersion = 16.0.29905.134
MinimumVisualStudioVersion = 10.0.40219.1
Project("{FAE04EC0-301F-11D3-BF4B-00C04F79EFBC}") = "BindingRedirectGenerator", "BindingRedirectGenerator.csproj", "{C17DBC34-2B29-488C-A848-E21D4584C00A}"
EndProject
Global
	GlobalSection(SolutionConfigurationPlatforms) = preSolution
		Debug|Any CPU = Debug|Any CPU
		Release|Any CPU = Release|Any CPU
	EndGlobalSection
	GlobalSection(ProjectConfigurationPlatforms) = postSolution
		{C17DBC34-2B29-488C-A848-E21D4584C00A}.Debug|Any CPU.ActiveCfg = Debug|Any CPU
		{C17DBC34-2B29-488C-A848-E21D4584C00A}.Debug|Any CPU.Build.0 = Debug|Any CPU
		{C17DBC34-2B29-488C-A848-E21D4584C00A}.Release|Any CPU.ActiveCfg = Release|Any CPU
		{C17DBC34-2B29-488C-A848-E21D4584C00A}.Release|Any CPU.Build.0 = Release|Any CPU
	EndGlobalSection
	GlobalSection(SolutionProperties) = preSolution
		HideSolutionNode = FALSE
	EndGlobalSection
	GlobalSection(ExtensibilityGlobals) = postSolution
		SolutionGuid = {E695C975-90DA-42ED-8173-20AD95A34BC5}
	EndGlobalSection
EndGlobal
